// !$*UTF8*$!
{
	archiveVersion = 1;
	classes = {
	};
	objectVersion = 48;
	objects = {

/* Begin PBXBuildFile section */
		5007BCD821FD091E00EF00B1 /* Article.swift in Sources */ = {isa = PBXBuildFile; fileRef = 5007BCD721FD091E00EF00B1 /* Article.swift */; };
		5007BCDA21FD094D00EF00B1 /* JsonData.swift in Sources */ = {isa = PBXBuildFile; fileRef = 5007BCD921FD094D00EF00B1 /* JsonData.swift */; };
		5007BCDC21FD095F00EF00B1 /* Source.swift in Sources */ = {isa = PBXBuildFile; fileRef = 5007BCDB21FD095F00EF00B1 /* Source.swift */; };
		5007BCDE21FD097700EF00B1 /* API.swift in Sources */ = {isa = PBXBuildFile; fileRef = 5007BCDD21FD097700EF00B1 /* API.swift */; };
		509F725820ED8986009C34AB /* AppDelegate.swift in Sources */ = {isa = PBXBuildFile; fileRef = 509F725720ED8986009C34AB /* AppDelegate.swift */; };
		509F725A20ED8986009C34AB /* HomeController.swift in Sources */ = {isa = PBXBuildFile; fileRef = 509F725920ED8986009C34AB /* HomeController.swift */; };
		509F725D20ED8986009C34AB /* Main.storyboard in Resources */ = {isa = PBXBuildFile; fileRef = 509F725B20ED8986009C34AB /* Main.storyboard */; };
		509F725F20ED8986009C34AB /* Assets.xcassets in Resources */ = {isa = PBXBuildFile; fileRef = 509F725E20ED8986009C34AB /* Assets.xcassets */; };
		509F726220ED8986009C34AB /* LaunchScreen.storyboard in Resources */ = {isa = PBXBuildFile; fileRef = 509F726020ED8986009C34AB /* LaunchScreen.storyboard */; };
		509F726A20EDACF2009C34AB /* ArticleCell.swift in Sources */ = {isa = PBXBuildFile; fileRef = 509F726920EDACF1009C34AB /* ArticleCell.swift */; };
		5866AA91E346139A1971822E /* Pods_NewsApp.framework in Frameworks */ = {isa = PBXBuildFile; fileRef = 859753959C797935C2794CEB /* Pods_NewsApp.framework */; };
/* End PBXBuildFile section */

/* Begin PBXFileReference section */
		13A95D228F9232A5E630CE48 /* Pods-NewsApp.release.xcconfig */ = {isa = PBXFileReference; includeInIndex = 1; lastKnownFileType = text.xcconfig; name = "Pods-NewsApp.release.xcconfig"; path = "Pods/Target Support Files/Pods-NewsApp/Pods-NewsApp.release.xcconfig"; sourceTree = "<group>"; };
		5007BCD721FD091E00EF00B1 /* Article.swift */ = {isa = PBXFileReference; lastKnownFileType = sourcecode.swift; path = Article.swift; sourceTree = "<group>"; };
		5007BCD921FD094D00EF00B1 /* JsonData.swift */ = {isa = PBXFileReference; lastKnownFileType = sourcecode.swift; path = JsonData.swift; sourceTree = "<group>"; };
		5007BCDB21FD095F00EF00B1 /* Source.swift */ = {isa = PBXFileReference; lastKnownFileType = sourcecode.swift; path = Source.swift; sourceTree = "<group>"; };
		5007BCDD21FD097700EF00B1 /* API.swift */ = {isa = PBXFileReference; lastKnownFileType = sourcecode.swift; path = API.swift; sourceTree = "<group>"; };
		509F725420ED8986009C34AB /* NewsApp.app */ = {isa = PBXFileReference; explicitFileType = wrapper.application; includeInIndex = 0; path = NewsApp.app; sourceTree = BUILT_PRODUCTS_DIR; };
		509F725720ED8986009C34AB /* AppDelegate.swift */ = {isa = PBXFileReference; lastKnownFileType = sourcecode.swift; path = AppDelegate.swift; sourceTree = "<group>"; };
		509F725920ED8986009C34AB /* HomeController.swift */ = {isa = PBXFileReference; lastKnownFileType = sourcecode.swift; path = HomeController.swift; sourceTree = "<group>"; };
		509F725C20ED8986009C34AB /* Base */ = {isa = PBXFileReference; lastKnownFileType = file.storyboard; name = Base; path = Base.lproj/Main.storyboard; sourceTree = "<group>"; };
		509F725E20ED8986009C34AB /* Assets.xcassets */ = {isa = PBXFileReference; lastKnownFileType = folder.assetcatalog; path = Assets.xcassets; sourceTree = "<group>"; };
		509F726120ED8986009C34AB /* Base */ = {isa = PBXFileReference; lastKnownFileType = file.storyboard; name = Base; path = Base.lproj/LaunchScreen.storyboard; sourceTree = "<group>"; };
		509F726320ED8986009C34AB /* Info.plist */ = {isa = PBXFileReference; lastKnownFileType = text.plist.xml; path = Info.plist; sourceTree = "<group>"; };
		509F726920EDACF1009C34AB /* ArticleCell.swift */ = {isa = PBXFileReference; lastKnownFileType = sourcecode.swift; path = ArticleCell.swift; sourceTree = "<group>"; };
		859753959C797935C2794CEB /* Pods_NewsApp.framework */ = {isa = PBXFileReference; explicitFileType = wrapper.framework; includeInIndex = 0; path = Pods_NewsApp.framework; sourceTree = BUILT_PRODUCTS_DIR; };
		CDAA95D7E33ADD0D34DCB2EB /* Pods-NewsApp.debug.xcconfig */ = {isa = PBXFileReference; includeInIndex = 1; lastKnownFileType = text.xcconfig; name = "Pods-NewsApp.debug.xcconfig"; path = "Pods/Target Support Files/Pods-NewsApp/Pods-NewsApp.debug.xcconfig"; sourceTree = "<group>"; };
/* End PBXFileReference section */

/* Begin PBXFrameworksBuildPhase section */
		509F725120ED8985009C34AB /* Frameworks */ = {
			isa = PBXFrameworksBuildPhase;
			buildActionMask = 2147483647;
			files = (
				5866AA91E346139A1971822E /* Pods_NewsApp.framework in Frameworks */,
			);
			runOnlyForDeploymentPostprocessing = 0;
		};
/* End PBXFrameworksBuildPhase section */

/* Begin PBXGroup section */
		5007BCD421FD08A000EF00B1 /* Models */ = {
			isa = PBXGroup;
			children = (
				5007BCD721FD091E00EF00B1 /* Article.swift */,
				5007BCD921FD094D00EF00B1 /* JsonData.swift */,
				5007BCDB21FD095F00EF00B1 /* Source.swift */,
				5007BCDD21FD097700EF00B1 /* API.swift */,
			);
			path = Models;
			sourceTree = "<group>";
		};
		5007BCD521FD08A500EF00B1 /* Views */ = {
			isa = PBXGroup;
			children = (
				509F726920EDACF1009C34AB /* ArticleCell.swift */,
			);
			path = Views;
			sourceTree = "<group>";
		};
		5007BCD621FD08A800EF00B1 /* Controllers */ = {
			isa = PBXGroup;
			children = (
				509F725920ED8986009C34AB /* HomeController.swift */,
			);
			path = Controllers;
			sourceTree = "<group>";
		};
		509F724B20ED8985009C34AB = {
			isa = PBXGroup;
			children = (
				509F725620ED8986009C34AB /* NewsApp */,
				509F725520ED8986009C34AB /* Products */,
				939488F209B34F675FA1B4D3 /* Pods */,
				889228D920118A51A1D9E11F /* Frameworks */,
			);
			sourceTree = "<group>";
		};
		509F725520ED8986009C34AB /* Products */ = {
			isa = PBXGroup;
			children = (
				509F725420ED8986009C34AB /* NewsApp.app */,
			);
			name = Products;
			sourceTree = "<group>";
		};
		509F725620ED8986009C34AB /* NewsApp */ = {
			isa = PBXGroup;
			children = (
				5007BCD621FD08A800EF00B1 /* Controllers */,
				5007BCD521FD08A500EF00B1 /* Views */,
				5007BCD421FD08A000EF00B1 /* Models */,
				509F725720ED8986009C34AB /* AppDelegate.swift */,
				509F725B20ED8986009C34AB /* Main.storyboard */,
				509F725E20ED8986009C34AB /* Assets.xcassets */,
				509F726020ED8986009C34AB /* LaunchScreen.storyboard */,
				509F726320ED8986009C34AB /* Info.plist */,
			);
			path = NewsApp;
			sourceTree = "<group>";
		};
		889228D920118A51A1D9E11F /* Frameworks */ = {
			isa = PBXGroup;
			children = (
				859753959C797935C2794CEB /* Pods_NewsApp.framework */,
			);
			name = Frameworks;
			sourceTree = "<group>";
		};
		939488F209B34F675FA1B4D3 /* Pods */ = {
			isa = PBXGroup;
			children = (
				CDAA95D7E33ADD0D34DCB2EB /* Pods-NewsApp.debug.xcconfig */,
				13A95D228F9232A5E630CE48 /* Pods-NewsApp.release.xcconfig */,
			);
			name = Pods;
			sourceTree = "<group>";
		};
/* End PBXGroup section */

/* Begin PBXNativeTarget section */
		509F725320ED8985009C34AB /* NewsApp */ = {
			isa = PBXNativeTarget;
			buildConfigurationList = 509F726620ED8986009C34AB /* Build configuration list for PBXNativeTarget "NewsApp" */;
			buildPhases = (
				4B3492AE6AEE13CECF2F22BA /* [CP] Check Pods Manifest.lock */,
				509F725020ED8985009C34AB /* Sources */,
				509F725120ED8985009C34AB /* Frameworks */,
				509F725220ED8985009C34AB /* Resources */,
				3059468179EDA622D68B1838 /* [CP] Embed Pods Frameworks */,
				F04D6D5C2257027D2DEB83FC /* [CP] Copy Pods Resources */,
			);
			buildRules = (
			);
			dependencies = (
			);
			name = NewsApp;
			productName = NewsApp;
			productReference = 509F725420ED8986009C34AB /* NewsApp.app */;
			productType = "com.apple.product-type.application";
		};
/* End PBXNativeTarget section */

/* Begin PBXProject section */
		509F724C20ED8985009C34AB /* Project object */ = {
			isa = PBXProject;
			attributes = {
				LastSwiftUpdateCheck = 0920;
				LastUpgradeCheck = 0920;
				ORGANIZATIONNAME = IdoPesok;
				TargetAttributes = {
					509F725320ED8985009C34AB = {
						CreatedOnToolsVersion = 9.2;
						ProvisioningStyle = Automatic;
					};
				};
			};
			buildConfigurationList = 509F724F20ED8985009C34AB /* Build configuration list for PBXProject "NewsApp" */;
			compatibilityVersion = "Xcode 8.0";
			developmentRegion = en;
			hasScannedForEncodings = 0;
			knownRegions = (
				en,
				Base,
			);
			mainGroup = 509F724B20ED8985009C34AB;
			productRefGroup = 509F725520ED8986009C34AB /* Products */;
			projectDirPath = "";
			projectRoot = "";
			targets = (
				509F725320ED8985009C34AB /* NewsApp */,
			);
		};
/* End PBXProject section */

/* Begin PBXResourcesBuildPhase section */
		509F725220ED8985009C34AB /* Resources */ = {
			isa = PBXResourcesBuildPhase;
			buildActionMask = 2147483647;
			files = (
				509F726220ED8986009C34AB /* LaunchScreen.storyboard in Resources */,
				509F725F20ED8986009C34AB /* Assets.xcassets in Resources */,
				509F725D20ED8986009C34AB /* Main.storyboard in Resources */,
			);
			runOnlyForDeploymentPostprocessing = 0;
		};
/* End PBXResourcesBuildPhase section */

/* Begin PBXShellScriptBuildPhase section */
		3059468179EDA622D68B1838 /* [CP] Embed Pods Frameworks */ = {
			isa = PBXShellScriptBuildPhase;
			buildActionMask = 2147483647;
			files = (
			);
			inputPaths = (
				"${SRCROOT}/Pods/Target Support Files/Pods-NewsApp/Pods-NewsApp-frameworks.sh",
				"${BUILT_PRODUCTS_DIR}/SDWebImage/SDWebImage.framework",
			);
			name = "[CP] Embed Pods Frameworks";
			outputPaths = (
				"${TARGET_BUILD_DIR}/${FRAMEWORKS_FOLDER_PATH}/SDWebImage.framework",
			);
			runOnlyForDeploymentPostprocessing = 0;
			shellPath = /bin/sh;
			shellScript = "\"${SRCROOT}/Pods/Target Support Files/Pods-NewsApp/Pods-NewsApp-frameworks.sh\"\n";
			showEnvVarsInLog = 0;
		};
		4B3492AE6AEE13CECF2F22BA /* [CP] Check Pods Manifest.lock */ = {
			isa = PBXShellScriptBuildPhase;
			buildActionMask = 2147483647;
			files = (
			);
			inputPaths = (
				"${PODS_PODFILE_DIR_PATH}/Podfile.lock",
				"${PODS_ROOT}/Manifest.lock",
			);
			name = "[CP] Check Pods Manifest.lock";
			outputPaths = (
				"$(DERIVED_FILE_DIR)/Pods-NewsApp-checkManifestLockResult.txt",
			);
			runOnlyForDeploymentPostprocessing = 0;
			shellPath = /bin/sh;
			shellScript = "diff \"${PODS_PODFILE_DIR_PATH}/Podfile.lock\" \"${PODS_ROOT}/Manifest.lock\" > /dev/null\nif [ $? != 0 ] ; then\n    # print error to STDERR\n    echo \"error: The sandbox is not in sync with the Podfile.lock. Run 'pod install' or update your CocoaPods installation.\" >&2\n    exit 1\nfi\n# This output is used by Xcode 'outputs' to avoid re-running this script phase.\necho \"SUCCESS\" > \"${SCRIPT_OUTPUT_FILE_0}\"\n";
			showEnvVarsInLog = 0;
		};
		F04D6D5C2257027D2DEB83FC /* [CP] Copy Pods Resources */ = {
			isa = PBXShellScriptBuildPhase;
			buildActionMask = 2147483647;
			files = (
			);
			inputPaths = (
			);
			name = "[CP] Copy Pods Resources";
			outputPaths = (
			);
			runOnlyForDeploymentPostprocessing = 0;
			shellPath = /bin/sh;
			shellScript = "\"${SRCROOT}/Pods/Target Support Files/Pods-NewsApp/Pods-NewsApp-resources.sh\"\n";
			showEnvVarsInLog = 0;
		};
/* End PBXShellScriptBuildPhase section */

/* Begin PBXSourcesBuildPhase section */
		509F725020ED8985009C34AB /* Sources */ = {
			isa = PBXSourcesBuildPhase;
			buildActionMask = 2147483647;
			files = (
				509F725A20ED8986009C34AB /* HomeController.swift in Sources */,
				509F725820ED8986009C34AB /* AppDelegate.swift in Sources */,
				509F726A20EDACF2009C34AB /* ArticleCell.swift in Sources */,
				5007BCDC21FD095F00EF00B1 /* Source.swift in Sources */,
				5007BCDA21FD094D00EF00B1 /* JsonData.swift in Sources */,
				5007BCDE21FD097700EF00B1 /* API.swift in Sources */,
				5007BCD821FD091E00EF00B1 /* Article.swift in Sources */,
			);
			runOnlyForDeploymentPostprocessing = 0;
		};
/* End PBXSourcesBuildPhase section */

/* Begin PBXVariantGroup section */
		509F725B20ED8986009C34AB /* Main.storyboard */ = {
			isa = PBXVariantGroup;
			children = (
				509F725C20ED8986009C34AB /* Base */,
			);
			name = Main.storyboard;
			sourceTree = "<group>";
		};
		509F726020ED8986009C34AB /* LaunchScreen.storyboard */ = {
			isa = PBXVariantGroup;
			children = (
				509F726120ED8986009C34AB /* Base */,
			);
			name = LaunchScreen.storyboard;
			sourceTree = "<group>";
		};
/* End PBXVariantGroup section */

/* Begin XCBuildConfiguration section */
		509F726420ED8986009C34AB /* Debug */ = {
			isa = XCBuildConfiguration;
			buildSettings = {
				ALWAYS_SEARCH_USER_PATHS = NO;
				CLANG_ANALYZER_NONNULL = YES;
				CLANG_ANALYZER_NUMBER_OBJECT_CONVERSION = YES_AGGRESSIVE;
				CLANG_CXX_LANGUAGE_STANDARD = "gnu++14";
				CLANG_CXX_LIBRARY = "libc++";
				CLANG_ENABLE_MODULES = YES;
				CLANG_ENABLE_OBJC_ARC = YES;
				CLANG_WARN_BLOCK_CAPTURE_AUTORELEASING = YES;
				CLANG_WARN_BOOL_CONVERSION = YES;
				CLANG_WARN_COMMA = YES;
				CLANG_WARN_CONSTANT_CONVERSION = YES;
				CLANG_WARN_DIRECT_OBJC_ISA_USAGE = YES_ERROR;
				CLANG_WARN_DOCUMENTATION_COMMENTS = YES;
				CLANG_WARN_EMPTY_BODY = YES;
				CLANG_WARN_ENUM_CONVERSION = YES;
				CLANG_WARN_INFINITE_RECURSION = YES;
				CLANG_WARN_INT_CONVERSION = YES;
				CLANG_WARN_NON_LITERAL_NULL_CONVERSION = YES;
				CLANG_WARN_OBJC_LITERAL_CONVERSION = YES;
				CLANG_WARN_OBJC_ROOT_CLASS = YES_ERROR;
				CLANG_WARN_RANGE_LOOP_ANALYSIS = YES;
				CLANG_WARN_STRICT_PROTOTYPES = YES;
				CLANG_WARN_SUSPICIOUS_MOVE = YES;
				CLANG_WARN_UNGUARDED_AVAILABILITY = YES_AGGRESSIVE;
				CLANG_WARN_UNREACHABLE_CODE = YES;
				CLANG_WARN__DUPLICATE_METHOD_MATCH = YES;
				CODE_SIGN_IDENTITY = "iPhone Developer";
				COPY_PHASE_STRIP = NO;
				DEBUG_INFORMATION_FORMAT = dwarf;
				ENABLE_STRICT_OBJC_MSGSEND = YES;
				ENABLE_TESTABILITY = YES;
				GCC_C_LANGUAGE_STANDARD = gnu11;
				GCC_DYNAMIC_NO_PIC = NO;
				GCC_NO_COMMON_BLOCKS = YES;
				GCC_OPTIMIZATION_LEVEL = 0;
				GCC_PREPROCESSOR_DEFINITIONS = (
					"DEBUG=1",
					"$(inherited)",
				);
				GCC_WARN_64_TO_32_BIT_CONVERSION = YES;
				GCC_WARN_ABOUT_RETURN_TYPE = YES_ERROR;
				GCC_WARN_UNDECLARED_SELECTOR = YES;
				GCC_WARN_UNINITIALIZED_AUTOS = YES_AGGRESSIVE;
				GCC_WARN_UNUSED_FUNCTION = YES;
				GCC_WARN_UNUSED_VARIABLE = YES;
				IPHONEOS_DEPLOYMENT_TARGET = 11.2;
				MTL_ENABLE_DEBUG_INFO = YES;
				ONLY_ACTIVE_ARCH = YES;
				SDKROOT = iphoneos;
				SWIFT_ACTIVE_COMPILATION_CONDITIONS = DEBUG;
				SWIFT_OPTIMIZATION_LEVEL = "-Onone";
			};
			name = Debug;
		};
		509F726520ED8986009C34AB /* Release */ = {
			isa = XCBuildConfiguration;
			buildSettings = {
				ALWAYS_SEARCH_USER_PATHS = NO;
				CLANG_ANALYZER_NONNULL = YES;
				CLANG_ANALYZER_NUMBER_OBJECT_CONVERSION = YES_AGGRESSIVE;
				CLANG_CXX_LANGUAGE_STANDARD = "gnu++14";
				CLANG_CXX_LIBRARY = "libc++";
				CLANG_ENABLE_MODULES = YES;
				CLANG_ENABLE_OBJC_ARC = YES;
				CLANG_WARN_BLOCK_CAPTURE_AUTORELEASING = YES;
				CLANG_WARN_BOOL_CONVERSION = YES;
				CLANG_WARN_COMMA = YES;
				CLANG_WARN_CONSTANT_CONVERSION = YES;
				CLANG_WARN_DIRECT_OBJC_ISA_USAGE = YES_ERROR;
				CLANG_WARN_DOCUMENTATION_COMMENTS = YES;
				CLANG_WARN_EMPTY_BODY = YES;
				CLANG_WARN_ENUM_CONVERSION = YES;
				CLANG_WARN_INFINITE_RECURSION = YES;
				CLANG_WARN_INT_CONVERSION = YES;
				CLANG_WARN_NON_LITERAL_NULL_CONVERSION = YES;
				CLANG_WARN_OBJC_LITERAL_CONVERSION = YES;
				CLANG_WARN_OBJC_ROOT_CLASS = YES_ERROR;
				CLANG_WARN_RANGE_LOOP_ANALYSIS = YES;
				CLANG_WARN_STRICT_PROTOTYPES = YES;
				CLANG_WARN_SUSPICIOUS_MOVE = YES;
				CLANG_WARN_UNGUARDED_AVAILABILITY = YES_AGGRESSIVE;
				CLANG_WARN_UNREACHABLE_CODE = YES;
				CLANG_WARN__DUPLICATE_METHOD_MATCH = YES;
				CODE_SIGN_IDENTITY = "iPhone Developer";
				COPY_PHASE_STRIP = NO;
				DEBUG_INFORMATION_FORMAT = "dwarf-with-dsym";
				ENABLE_NS_ASSERTIONS = NO;
				ENABLE_STRICT_OBJC_MSGSEND = YES;
				GCC_C_LANGUAGE_STANDARD = gnu11;
				GCC_NO_COMMON_BLOCKS = YES;
				GCC_WARN_64_TO_32_BIT_CONVERSION = YES;
				GCC_WARN_ABOUT_RETURN_TYPE = YES_ERROR;
				GCC_WARN_UNDECLARED_SELECTOR = YES;
				GCC_WARN_UNINITIALIZED_AUTOS = YES_AGGRESSIVE;
				GCC_WARN_UNUSED_FUNCTION = YES;
				GCC_WARN_UNUSED_VARIABLE = YES;
				IPHONEOS_DEPLOYMENT_TARGET = 11.2;
				MTL_ENABLE_DEBUG_INFO = NO;
				SDKROOT = iphoneos;
				SWIFT_OPTIMIZATION_LEVEL = "-Owholemodule";
				VALIDATE_PRODUCT = YES;
			};
			name = Release;
		};
		509F726720ED8986009C34AB /* Debug */ = {
			isa = XCBuildConfiguration;
			baseConfigurationReference = CDAA95D7E33ADD0D34DCB2EB /* Pods-NewsApp.debug.xcconfig */;
			buildSettings = {
				ASSETCATALOG_COMPILER_APPICON_NAME = AppIcon;
				CODE_SIGN_STYLE = Automatic;
				DEVELOPMENT_TEAM = 5HQNU86CB4;
				INFOPLIST_FILE = NewsApp/Info.plist;
				LD_RUNPATH_SEARCH_PATHS = "$(inherited) @executable_path/Frameworks";
				PRODUCT_BUNDLE_IDENTIFIER = com.pesok.NewsApp;
				PRODUCT_NAME = "$(TARGET_NAME)";
				SWIFT_VERSION = 4.0;
				TARGETED_DEVICE_FAMILY = "1,2";
			};
			name = Debug;
		};
		509F726820ED8986009C34AB /* Release */ = {
			isa = XCBuildConfiguration;
			baseConfigurationReference = 13A95D228F9232A5E630CE48 /* Pods-NewsApp.release.xcconfig */;
			buildSettings = {
				ASSETCATALOG_COMPILER_APPICON_NAME = AppIcon;
				CODE_SIGN_STYLE = Automatic;
				DEVELOPMENT_TEAM = 5HQNU86CB4;
				INFOPLIST_FILE = NewsApp/Info.plist;
				LD_RUNPATH_SEARCH_PATHS = "$(inherited) @executable_path/Frameworks";
				PRODUCT_BUNDLE_IDENTIFIER = com.pesok.NewsApp;
				PRODUCT_NAME = "$(TARGET_NAME)";
				SWIFT_VERSION = 4.0;
				TARGETED_DEVICE_FAMILY = "1,2";
			};
			name = Release;
		};
/* End XCBuildConfiguration section */

/* Begin XCConfigurationList section */
		509F724F20ED8985009C34AB /* Build configuration list for PBXProject "NewsApp" */ = {
			isa = XCConfigurationList;
			buildConfigurations = (
				509F726420ED8986009C34AB /* Debug */,
				509F726520ED8986009C34AB /* Release */,
			);
			defaultConfigurationIsVisible = 0;
			defaultConfigurationName = Release;
		};
		509F726620ED8986009C34AB /* Build configuration list for PBXNativeTarget "NewsApp" */ = {
			isa = XCConfigurationList;
			buildConfigurations = (
				509F726720ED8986009C34AB /* Debug */,
				509F726820ED8986009C34AB /* Release */,
			);
			defaultConfigurationIsVisible = 0;
			defaultConfigurationName = Release;
		};
/* End XCConfigurationList section */
	};
	rootObject = 509F724C20ED8985009C34AB /* Project object */;
}
